
Microsoft Visual Studio Solution File, Format Version 12.00
# Visual Studio Version 16
VisualStudioVersion = 16.0.29424.173
MinimumVisualStudioVersion = 10.0.40219.1
Project("{9A19103F-16F7-4668-BE54-9A1E7A4F7556}") = "FlightsCompanyTests", "NUnitTestProject1\FlightsCompanyTests.csproj", "{4AE087B2-3643-4685-B6E5-FC7CEC5BC05A}"
EndProject
Project("{9A19103F-16F7-4668-BE54-9A1E7A4F7556}") = "FlightsCompany", "FlightsCompany\FlightsCompany.csproj", "{9F636003-9D76-4145-A800-F48676395529}"
EndProject
Project("{FAE04EC0-301F-11D3-BF4B-00C04F79EFBC}") = "FlightsCompanyWebApi", "FlightsCompanyWebApi\FlightsCompanyWebApi.csproj", "{6BC28326-F55B-4CC5-A000-093C645E0CAE}"
EndProject
Global
	GlobalSection(SolutionConfigurationPlatforms) = preSolution
		Debug|Any CPU = Debug|Any CPU
		Release|Any CPU = Release|Any CPU
	EndGlobalSection
	GlobalSection(ProjectConfigurationPlatforms) = postSolution
		{4AE087B2-3643-4685-B6E5-FC7CEC5BC05A}.Debug|Any CPU.ActiveCfg = Debug|Any CPU
		{4AE087B2-3643-4685-B6E5-FC7CEC5BC05A}.Debug|Any CPU.Build.0 = Debug|Any CPU
		{4AE087B2-3643-4685-B6E5-FC7CEC5BC05A}.Release|Any CPU.ActiveCfg = Release|Any CPU
		{4AE087B2-3643-4685-B6E5-FC7CEC5BC05A}.Release|Any CPU.Build.0 = Release|Any CPU
		{9F636003-9D76-4145-A800-F48676395529}.Debug|Any CPU.ActiveCfg = Debug|Any CPU
		{9F636003-9D76-4145-A800-F48676395529}.Debug|Any CPU.Build.0 = Debug|Any CPU
		{9F636003-9D76-4145-A800-F48676395529}.Release|Any CPU.ActiveCfg = Release|Any CPU
		{9F636003-9D76-4145-A800-F48676395529}.Release|Any CPU.Build.0 = Release|Any CPU
		{6BC28326-F55B-4CC5-A000-093C645E0CAE}.Debug|Any CPU.ActiveCfg = Debug|Any CPU
		{6BC28326-F55B-4CC5-A000-093C645E0CAE}.Debug|Any CPU.Build.0 = Debug|Any CPU
		{6BC28326-F55B-4CC5-A000-093C645E0CAE}.Release|Any CPU.ActiveCfg = Release|Any CPU
		{6BC28326-F55B-4CC5-A000-093C645E0CAE}.Release|Any CPU.Build.0 = Release|Any CPU
	EndGlobalSection
	GlobalSection(SolutionProperties) = preSolution
		HideSolutionNode = FALSE
	EndGlobalSection
	GlobalSection(ExtensibilityGlobals) = postSolution
		SolutionGuid = {522EB709-C2A6-415A-82A7-B56F10066F8D}
	EndGlobalSection
EndGlobal
